
Microsoft Visual Studio Solution File, Format Version 12.00
# Visual Studio Version 17
VisualStudioVersion = 17.7.34221.43
MinimumVisualStudioVersion = 10.0.40219.1
Project("{FAE04EC0-301F-11D3-BF4B-00C04F79EFBC}") = "BASEDATOS", "BASEDATOS\BASEDATOS.csproj", "{ADF6685D-4994-4D0B-8027-A77F4028758A}"
EndProject
Global
	GlobalSection(SolutionConfigurationPlatforms) = preSolution
		Debug|Any CPU = Debug|Any CPU
		Release|Any CPU = Release|Any CPU
	EndGlobalSection
	GlobalSection(ProjectConfigurationPlatforms) = postSolution
		{ADF6685D-4994-4D0B-8027-A77F4028758A}.Debug|Any CPU.ActiveCfg = Debug|Any CPU
		{ADF6685D-4994-4D0B-8027-A77F4028758A}.Debug|Any CPU.Build.0 = Debug|Any CPU
		{ADF6685D-4994-4D0B-8027-A77F4028758A}.Release|Any CPU.ActiveCfg = Release|Any CPU
		{ADF6685D-4994-4D0B-8027-A77F4028758A}.Release|Any CPU.Build.0 = Release|Any CPU
	EndGlobalSection
	GlobalSection(SolutionProperties) = preSolution
		HideSolutionNode = FALSE
	EndGlobalSection
	GlobalSection(ExtensibilityGlobals) = postSolution
		SolutionGuid = {6184C256-5B45-4116-9506-86F0C219EC0E}
	EndGlobalSection
EndGlobal
