
Microsoft Visual Studio Solution File, Format Version 12.00
# Visual Studio Version 17
VisualStudioVersion = 17.7.34031.279
MinimumVisualStudioVersion = 10.0.40219.1
Project("{FAE04EC0-301F-11D3-BF4B-00C04F79EFBC}") = "Mi primer proyecto 2", "Mi primer proyecto 2\Mi primer proyecto 2.csproj", "{D7769796-2F23-47E0-BD95-1C3F33253010}"
EndProject
Global
	GlobalSection(SolutionConfigurationPlatforms) = preSolution
		Debug|Any CPU = Debug|Any CPU
		Release|Any CPU = Release|Any CPU
	EndGlobalSection
	GlobalSection(ProjectConfigurationPlatforms) = postSolution
		{D7769796-2F23-47E0-BD95-1C3F33253010}.Debug|Any CPU.ActiveCfg = Debug|Any CPU
		{D7769796-2F23-47E0-BD95-1C3F33253010}.Debug|Any CPU.Build.0 = Debug|Any CPU
		{D7769796-2F23-47E0-BD95-1C3F33253010}.Release|Any CPU.ActiveCfg = Release|Any CPU
		{D7769796-2F23-47E0-BD95-1C3F33253010}.Release|Any CPU.Build.0 = Release|Any CPU
	EndGlobalSection
	GlobalSection(SolutionProperties) = preSolution
		HideSolutionNode = FALSE
	EndGlobalSection
	GlobalSection(ExtensibilityGlobals) = postSolution
		SolutionGuid = {A6A25B17-834B-4478-8A0D-A0CB05D3B855}
	EndGlobalSection
EndGlobal
