
Microsoft Visual Studio Solution File, Format Version 12.00
# Visual Studio Version 17
VisualStudioVersion = 17.7.34031.279
MinimumVisualStudioVersion = 10.0.40219.1
Project("{FAE04EC0-301F-11D3-BF4B-00C04F79EFBC}") = "miPrimerProyecto3", "miPrimerProyecto3\miPrimerProyecto3.csproj", "{33223F57-21D5-44A3-9333-10971CF73714}"
EndProject
Global
	GlobalSection(SolutionConfigurationPlatforms) = preSolution
		Debug|Any CPU = Debug|Any CPU
		Release|Any CPU = Release|Any CPU
	EndGlobalSection
	GlobalSection(ProjectConfigurationPlatforms) = postSolution
		{33223F57-21D5-44A3-9333-10971CF73714}.Debug|Any CPU.ActiveCfg = Debug|Any CPU
		{33223F57-21D5-44A3-9333-10971CF73714}.Debug|Any CPU.Build.0 = Debug|Any CPU
		{33223F57-21D5-44A3-9333-10971CF73714}.Release|Any CPU.ActiveCfg = Release|Any CPU
		{33223F57-21D5-44A3-9333-10971CF73714}.Release|Any CPU.Build.0 = Release|Any CPU
	EndGlobalSection
	GlobalSection(SolutionProperties) = preSolution
		HideSolutionNode = FALSE
	EndGlobalSection
	GlobalSection(ExtensibilityGlobals) = postSolution
		SolutionGuid = {66E984B4-3DF6-4AC5-9081-EBB02B6E7D75}
	EndGlobalSection
EndGlobal
