
Microsoft Visual Studio Solution File, Format Version 12.00
# Visual Studio Version 17
VisualStudioVersion = 17.7.34221.43
MinimumVisualStudioVersion = 10.0.40219.1
Project("{FAE04EC0-301F-11D3-BF4B-00C04F79EFBC}") = "WindowsFormsApp4", "WindowsFormsApp4\WindowsFormsApp4.csproj", "{620D585E-8ABA-4C06-973F-DB61352BAB5C}"
EndProject
Global
	GlobalSection(SolutionConfigurationPlatforms) = preSolution
		Debug|Any CPU = Debug|Any CPU
		Release|Any CPU = Release|Any CPU
	EndGlobalSection
	GlobalSection(ProjectConfigurationPlatforms) = postSolution
		{620D585E-8ABA-4C06-973F-DB61352BAB5C}.Debug|Any CPU.ActiveCfg = Debug|Any CPU
		{620D585E-8ABA-4C06-973F-DB61352BAB5C}.Debug|Any CPU.Build.0 = Debug|Any CPU
		{620D585E-8ABA-4C06-973F-DB61352BAB5C}.Release|Any CPU.ActiveCfg = Release|Any CPU
		{620D585E-8ABA-4C06-973F-DB61352BAB5C}.Release|Any CPU.Build.0 = Release|Any CPU
	EndGlobalSection
	GlobalSection(SolutionProperties) = preSolution
		HideSolutionNode = FALSE
	EndGlobalSection
	GlobalSection(ExtensibilityGlobals) = postSolution
		SolutionGuid = {96BF1A7D-C348-49E5-B7A0-9C76D2C0EBF2}
	EndGlobalSection
EndGlobal
