
Microsoft Visual Studio Solution File, Format Version 12.00
# Visual Studio Version 17
VisualStudioVersion = 17.7.34221.43
MinimumVisualStudioVersion = 10.0.40219.1
Project("{FAE04EC0-301F-11D3-BF4B-00C04F79EFBC}") = "WindowsFormsApp3", "WindowsFormsApp3\WindowsFormsApp3.csproj", "{318E257E-BF7B-4BBA-ACA8-F69BC1E70203}"
EndProject
Global
	GlobalSection(SolutionConfigurationPlatforms) = preSolution
		Debug|Any CPU = Debug|Any CPU
		Release|Any CPU = Release|Any CPU
	EndGlobalSection
	GlobalSection(ProjectConfigurationPlatforms) = postSolution
		{318E257E-BF7B-4BBA-ACA8-F69BC1E70203}.Debug|Any CPU.ActiveCfg = Debug|Any CPU
		{318E257E-BF7B-4BBA-ACA8-F69BC1E70203}.Debug|Any CPU.Build.0 = Debug|Any CPU
		{318E257E-BF7B-4BBA-ACA8-F69BC1E70203}.Release|Any CPU.ActiveCfg = Release|Any CPU
		{318E257E-BF7B-4BBA-ACA8-F69BC1E70203}.Release|Any CPU.Build.0 = Release|Any CPU
	EndGlobalSection
	GlobalSection(SolutionProperties) = preSolution
		HideSolutionNode = FALSE
	EndGlobalSection
	GlobalSection(ExtensibilityGlobals) = postSolution
		SolutionGuid = {FA116E6D-7B19-450C-A801-65A86E3D5AEC}
	EndGlobalSection
EndGlobal
