
Microsoft Visual Studio Solution File, Format Version 12.00
# Visual Studio Version 17
VisualStudioVersion = 17.7.34202.233
MinimumVisualStudioVersion = 10.0.40219.1
Project("{FAE04EC0-301F-11D3-BF4B-00C04F79EFBC}") = "examen-1trimestre-interfaces-joseenrique", "examen-1trimestre-interfaces-joseenrique\examen-1trimestre-interfaces-joseenrique.csproj", "{EC13721B-974F-4BF5-BC9F-8C67164B76CB}"
EndProject
Global
	GlobalSection(SolutionConfigurationPlatforms) = preSolution
		Debug|Any CPU = Debug|Any CPU
		Release|Any CPU = Release|Any CPU
	EndGlobalSection
	GlobalSection(ProjectConfigurationPlatforms) = postSolution
		{EC13721B-974F-4BF5-BC9F-8C67164B76CB}.Debug|Any CPU.ActiveCfg = Debug|Any CPU
		{EC13721B-974F-4BF5-BC9F-8C67164B76CB}.Debug|Any CPU.Build.0 = Debug|Any CPU
		{EC13721B-974F-4BF5-BC9F-8C67164B76CB}.Release|Any CPU.ActiveCfg = Release|Any CPU
		{EC13721B-974F-4BF5-BC9F-8C67164B76CB}.Release|Any CPU.Build.0 = Release|Any CPU
	EndGlobalSection
	GlobalSection(SolutionProperties) = preSolution
		HideSolutionNode = FALSE
	EndGlobalSection
	GlobalSection(ExtensibilityGlobals) = postSolution
		SolutionGuid = {2BB60B7D-84B1-4054-B15E-D0B5B55D2978}
	EndGlobalSection
EndGlobal
